
Microsoft Visual Studio Solution File, Format Version 12.00
Project("{FAE04EC0-301F-11D3-BF4B-00C04F79EFBC}") = "Games", "Games\Games.csproj", "{ADA39428-08C3-4588-8E96-A8D63FEC192A}"
EndProject
Global
	GlobalSection(SolutionConfigurationPlatforms) = preSolution
		Debug|Any CPU = Debug|Any CPU
		Release|Any CPU = Release|Any CPU
	EndGlobalSection
	GlobalSection(ProjectConfigurationPlatforms) = postSolution
		{ADA39428-08C3-4588-8E96-A8D63FEC192A}.Debug|Any CPU.ActiveCfg = Debug|Any CPU
		{ADA39428-08C3-4588-8E96-A8D63FEC192A}.Debug|Any CPU.Build.0 = Debug|Any CPU
		{ADA39428-08C3-4588-8E96-A8D63FEC192A}.Release|Any CPU.ActiveCfg = Release|Any CPU
		{ADA39428-08C3-4588-8E96-A8D63FEC192A}.Release|Any CPU.Build.0 = Release|Any CPU
	EndGlobalSection
EndGlobal
